# This file is automatically @generated by Cargo.
# It is not intended for manual editing.
version = 3

[[package]]
name = "basic_example"
version = "0.1.0"
dependencies = [
 "rscripter",
]

[[package]]
name = "rscripter"
version = "0.1.1"
source = "registry+https://github.com/rust-lang/crates.io-index"
checksum = "01fe5775b6a55ba73e255274e92e9adcb80d5e9977ecb1db4f1e49f8f869d745"
